
Microsoft Visual Studio Solution File, Format Version 12.00
# Visual Studio Version 16
VisualStudioVersion = 16.0.31605.320
MinimumVisualStudioVersion = 10.0.40219.1
Project("{FAE04EC0-301F-11D3-BF4B-00C04F79EFBC}") = "asp-shop", "asp-shop.csproj", "{62196E28-A87A-4025-A1F0-C128F5DFE684}"
EndProject
Global
	GlobalSection(SolutionConfigurationPlatforms) = preSolution
		Debug|Any CPU = Debug|Any CPU
		Release|Any CPU = Release|Any CPU
	EndGlobalSection
	GlobalSection(ProjectConfigurationPlatforms) = postSolution
		{62196E28-A87A-4025-A1F0-C128F5DFE684}.Debug|Any CPU.ActiveCfg = Debug|Any CPU
		{62196E28-A87A-4025-A1F0-C128F5DFE684}.Debug|Any CPU.Build.0 = Debug|Any CPU
		{62196E28-A87A-4025-A1F0-C128F5DFE684}.Release|Any CPU.ActiveCfg = Release|Any CPU
		{62196E28-A87A-4025-A1F0-C128F5DFE684}.Release|Any CPU.Build.0 = Release|Any CPU
	EndGlobalSection
	GlobalSection(SolutionProperties) = preSolution
		HideSolutionNode = FALSE
	EndGlobalSection
	GlobalSection(ExtensibilityGlobals) = postSolution
		SolutionGuid = {356EE22C-3D08-4B6E-A920-FBE860C2BA34}
	EndGlobalSection
EndGlobal
